# This file is autogenerated, do not edit; changes may be undone by the next 'dep ensure'.


[[projects]]
  digest = "1:a26f8da48b22e6176c1c6a2459904bb30bd0c49ada04b2963c2c3a203e81a620"
  name = "github.com/Masterminds/semver"
  packages = ["."]
  pruneopts = "NUT"
  revision = "c7af12943936e8c39859482e61f0574c2fd7fc75"
  version = "v1.4.2"

[[projects]]
  digest = "1:69b95d47eef70cba62af2aa3d33bd5f9ffe9fa0be66d79d79150c38796c6eac1"
  name = "github.com/bmatcuk/doublestar"
  packages = ["."]
  pruneopts = "NUT"
  revision = "b3608229437ba4dc33dae64d56a79a2a73f1f6b2"
  version = "v1.0.9"

[[projects]]
  branch = "master"
  digest = "1:58927c45bfdcd6550e5f1ab008eeeb6951474a232afa1dc690583f26c5f92cbd"
  name = "github.com/charlievieth/fs"
  packages = ["."]
  pruneopts = "NUT"
  revision = "7dc373669fa10ddf827c37c595dee30a2f001be9"

[[projects]]
  digest = "1:ea07e3ce599a5323383b0809c413d4532773741206c8c2ec38cb789408ad074e"
  name = "github.com/cheggaaa/pb"
  packages = ["."]
  pruneopts = "NUT"
  revision = "c112833d014c77e8bde723fd0158e3156951639f"
  version = "v2.0.6"

[[projects]]
  branch = "master"
  digest = "1:6b48145085df4401bc70473cc4da1a3b9f98a79232fe59855083eaaea90567c5"
  name = "github.com/cloudfoundry/bosh-utils"
  packages = [
    "errors",
    "logger",
    "system",
  ]
  pruneopts = "NUT"
  revision = "b082aa9a81950fa8df1a969575319417b1e073f4"

[[projects]]
  branch = "master"
  digest = "1:86bbd7fda8522fc1b99c4e180befd26c8bbb82dd2f994974c7b666799c314f56"
  name = "github.com/dpb587/metalink"
  packages = [
    ".",
    "cli/verification",
    "file",
    "file/metaurl",
    "file/url",
    "file/url/file",
    "file/url/ftp",
    "file/url/http",
    "file/url/s3",
    "file/url/urlutil",
    "repository",
    "repository/filter",
    "repository/filter/and",
    "repository/filter/fileversion",
    "repository/sorter",
    "repository/sorter/fileversion",
    "repository/source",
    "repository/source/factory",
    "repository/source/fs",
    "repository/source/git",
    "repository/source/http",
    "repository/source/s3",
    "repository/utility",
    "template",
    "transfer",
    "verification",
    "verification/hash",
    "verification/signature",
  ]
  pruneopts = "NUT"
  revision = "166dfc5ca9016556263dd196fbbd43afd333ca13"

[[projects]]
  branch = "master"
  digest = "1:b7ffca49e9cfd3dfb04a8e0a59347708c6f78f68476a32c5e0a0edca5d1b258c"
  name = "github.com/dustin/go-humanize"
  packages = ["."]
  pruneopts = "NUT"
  revision = "02af3965c54e8cacf948b97fef38925c4120652c"

[[projects]]
  digest = "1:30b09d75e7e16119e85020374df10ea06f263c9bdff72afdc1522838b9609375"
  name = "github.com/go-ini/ini"
  packages = ["."]
  pruneopts = "NUT"
  revision = "06f5f3d67269ccec1fe5fe4134ba6e982984f7f5"
  version = "v1.37.0"

[[projects]]
  digest = "1:41933d387bfa3eaa6a82647914ed7044f7b8355764c24fb920892bc8c03ef0c3"
  name = "github.com/hpcloud/tail"
  packages = [
    ".",
    "ratelimiter",
    "util",
    "watch",
    "winfile",
  ]
  pruneopts = "NUT"
  revision = "a30252cb686a21eb2d0b98132633053ec2f7f1e5"
  version = "v1.0.0"

[[projects]]
  branch = "master"
  digest = "1:7fa88fe51377cfd7a66a8258f1aaca67f5f37cbc8be7d1d920da967dc955b9d7"
  name = "github.com/jlaffaye/ftp"
  packages = ["."]
  pruneopts = "NUT"
  revision = "2403248fa8cc9f7909862627aa7337f13f8e0bf1"

[[projects]]
  digest = "1:08c231ec84231a7e23d67e4b58f975e1423695a32467a362ee55a803f9de8061"
  name = "github.com/mattn/go-colorable"
  packages = ["."]
  pruneopts = "NUT"
  revision = "167de6bfdfba052fa6b2d3664c8f5272e23c9072"
  version = "v0.0.9"

[[projects]]
  digest = "1:bc4f7eec3b7be8c6cb1f0af6c1e3333d5bb71072951aaaae2f05067b0803f287"
  name = "github.com/mattn/go-isatty"
  packages = ["."]
  pruneopts = "NUT"
  revision = "0360b2af4f38e8d38c7fce2a9f4e702702d73a39"
  version = "v0.0.3"

[[projects]]
  digest = "1:efd313eac4d24fb4334c367e4508481d357329a27580367364b75595e13466c5"
  name = "github.com/minio/minio-go"
  packages = [
    ".",
    "pkg/credentials",
    "pkg/encrypt",
    "pkg/s3signer",
    "pkg/s3utils",
    "pkg/set",
  ]
  pruneopts = "NUT"
  revision = "70799fe8dae6ecfb6c7d7e9e048fce27f23a1992"
  version = "v6.0.5"

[[projects]]
  branch = "master"
  digest = "1:9db29b604bd78452d167abed82386ddd2f93973df3841896fb6ab8aff936f1d6"
  name = "github.com/mitchellh/go-homedir"
  packages = ["."]
  pruneopts = "NUT"
  revision = "3864e76763d94a6df2f9960b16a20a33da9f9a66"

[[projects]]
  digest = "1:cdc5cfc04dd0b98f86433207fe6d9879757c46734441a08886acc11251c7ed4a"
  name = "github.com/onsi/ginkgo"
  packages = [
    ".",
    "config",
    "internal/codelocation",
    "internal/containernode",
    "internal/failer",
    "internal/leafnodes",
    "internal/remote",
    "internal/spec",
    "internal/spec_iterator",
    "internal/specrunner",
    "internal/suite",
    "internal/testingtproxy",
    "internal/writer",
    "reporters",
    "reporters/stenographer",
    "reporters/stenographer/support/go-colorable",
    "reporters/stenographer/support/go-isatty",
    "types",
  ]
  pruneopts = "NUT"
  revision = "2e1be8f7d90e9d3e3e58b0ce470f2f14d075406f"
  version = "v1.7.0"

[[projects]]
  digest = "1:c9385d498108298283c3f3685667d8c87bf86a94d129fd49f8fd4485f1903e14"
  name = "github.com/onsi/gomega"
  packages = [
    ".",
    "format",
    "gbytes",
    "gexec",
    "internal/assertion",
    "internal/asyncassertion",
    "internal/oraclematcher",
    "internal/testingtsupport",
    "matchers",
    "matchers/support/goraph/bipartitegraph",
    "matchers/support/goraph/edge",
    "matchers/support/goraph/node",
    "matchers/support/goraph/util",
    "types",
  ]
  pruneopts = "NUT"
  revision = "65fb64232476ad9046e57c26cd0bff3d3a8dc6cd"
  version = "v1.4.3"

[[projects]]
  digest = "1:5cf3f025cbee5951a4ee961de067c8a89fc95a5adabead774f82822efabab121"
  name = "github.com/pkg/errors"
  packages = ["."]
  pruneopts = "NUT"
  revision = "645ef00459ed84a119197bfb8d8205042c6df63d"
  version = "v0.8.0"

[[projects]]
  digest = "1:6989062eb7ccf25cf38bf4fe3dba097ee209f896cda42cefdca3927047bef7b6"
  name = "github.com/sirupsen/logrus"
  packages = ["."]
  pruneopts = "NUT"
  revision = "c155da19408a8799da419ed3eeb0cb5db0ad5dbc"
  version = "v1.0.5"

[[projects]]
  branch = "master"
  digest = "1:a49c202c9a61e142e37dea31bfbd09cf4d2ad2fc4d964a543df0978a029a9219"
  name = "golang.org/x/crypto"
  packages = [
    "argon2",
    "blake2b",
    "cast5",
    "openpgp",
    "openpgp/armor",
    "openpgp/elgamal",
    "openpgp/errors",
    "openpgp/packet",
    "openpgp/s2k",
    "ssh/terminal",
  ]
  pruneopts = "NUT"
  revision = "a49355c7e3f8fe157a85be2f77e6e269a0f89602"

[[projects]]
  branch = "master"
  digest = "1:0d367bfa06c863bc88d37888fedd4626ea3b53da3b474ffd1592f5a9e08be463"
  name = "golang.org/x/net"
  packages = [
    "html",
    "html/atom",
    "html/charset",
    "http/httpguts",
    "idna",
  ]
  pruneopts = "NUT"
  revision = "32a936f46389aa10549d60bd7833e54b01685d09"

[[projects]]
  branch = "master"
  digest = "1:286c1de66c5028ddcc80ba849ae86fbf800feb553e1bd776055e652117e1c3c0"
  name = "golang.org/x/sys"
  packages = [
    "cpu",
    "unix",
    "windows",
  ]
  pruneopts = "NUT"
  revision = "3c6ecd8f22c6f40fbeec94c000a069d7d87c7624"

[[projects]]
  digest = "1:8a12cbc891b7130d3f660f8a309e5c0b083f831e6ac38cdaa1f12e63c12d6bea"
  name = "golang.org/x/text"
  packages = [
    "collate",
    "collate/build",
    "encoding",
    "encoding/charmap",
    "encoding/htmlindex",
    "encoding/internal",
    "encoding/internal/identifier",
    "encoding/japanese",
    "encoding/korean",
    "encoding/simplifiedchinese",
    "encoding/traditionalchinese",
    "encoding/unicode",
    "internal/colltab",
    "internal/gen",
    "internal/tag",
    "internal/triegen",
    "internal/ucd",
    "internal/utf8internal",
    "language",
    "runes",
    "secure/bidirule",
    "transform",
    "unicode/bidi",
    "unicode/cldr",
    "unicode/norm",
    "unicode/rangetable",
  ]
  pruneopts = "NUT"
  revision = "f21a4dfb5e38f5895301dc265a8def02365cc3d0"
  version = "v0.3.0"

[[projects]]
  digest = "1:dde06cba636162cd41df016518e771b1f1e156edadde221e04bd0c35f0564488"
  name = "gopkg.in/VividCortex/ewma.v1"
  packages = ["."]
  pruneopts = "NUT"
  revision = "b24eb346a94c3ba12c1da1e564dbac1b498a77ce"
  version = "v1.1.1"

[[projects]]
  digest = "1:256938e7d43c73bd5e7bb97dd281d1ebe294b2928403ee1fbec96249915d1150"
  name = "gopkg.in/cheggaaa/pb.v2"
  packages = ["termutil"]
  pruneopts = "NUT"
  revision = "c112833d014c77e8bde723fd0158e3156951639f"
  version = "v2.0.6"

[[projects]]
  digest = "1:ade392a843b2035effb4b4a2efa2c3bab3eb29b992e98bacf9c898b0ecb54e45"
  name = "gopkg.in/fatih/color.v1"
  packages = ["."]
  pruneopts = "NUT"
  revision = "5b77d2a35fb0ede96d138fc9a99f5c9b6aef11b4"
  version = "v1.7.0"

[[projects]]
  digest = "1:1b91ae0dc69a41d4c2ed23ea5cffb721ea63f5037ca4b81e6d6771fbb8f45129"
  name = "gopkg.in/fsnotify.v1"
  packages = ["."]
  pruneopts = "NUT"
  revision = "c2828203cd70a50dcccfb2761f8b1f8ceef9a8e9"
  source = "https://github.com/fsnotify/fsnotify.git"
  version = "v1.4.7"

[[projects]]
  digest = "1:08c231ec84231a7e23d67e4b58f975e1423695a32467a362ee55a803f9de8061"
  name = "gopkg.in/mattn/go-colorable.v0"
  packages = ["."]
  pruneopts = "NUT"
  revision = "167de6bfdfba052fa6b2d3664c8f5272e23c9072"
  version = "v0.0.9"

[[projects]]
  digest = "1:bc4f7eec3b7be8c6cb1f0af6c1e3333d5bb71072951aaaae2f05067b0803f287"
  name = "gopkg.in/mattn/go-isatty.v0"
  packages = ["."]
  pruneopts = "NUT"
  revision = "0360b2af4f38e8d38c7fce2a9f4e702702d73a39"
  version = "v0.0.3"

[[projects]]
  digest = "1:cb591533458f6eb6e2c1065ff3eac6b50263d7847deb23fc9f79b25bc608970e"
  name = "gopkg.in/mattn/go-runewidth.v0"
  packages = ["."]
  pruneopts = "NUT"
  revision = "9e777a8366cce605130a531d2cd6363d07ad7317"
  version = "v0.0.2"

[[projects]]
  branch = "v1"
  digest = "1:8fb1ccb16a6cfecbfdfeb84d8ea1cc7afa8f9ef16526bc2326f72d993e32cef1"
  name = "gopkg.in/tomb.v1"
  packages = ["."]
  pruneopts = "NUT"
  revision = "dd632973f1e7218eb1089048e0798ec9ae7dceb8"

[[projects]]
  digest = "1:18108594151654e9e696b27b181b953f9a90b16bf14d253dd1b397b025a1487f"
  name = "gopkg.in/yaml.v2"
  packages = ["."]
  pruneopts = "NUT"
  revision = "51d6538a90f86fe93ac480b35f37b2be17fef232"
  version = "v2.2.2"

[solve-meta]
  analyzer-name = "dep"
  analyzer-version = 1
  input-imports = [
    "github.com/cheggaaa/pb",
    "github.com/cloudfoundry/bosh-utils/logger",
    "github.com/cloudfoundry/bosh-utils/system",
    "github.com/dpb587/metalink",
    "github.com/dpb587/metalink/cli/verification",
    "github.com/dpb587/metalink/file",
    "github.com/dpb587/metalink/file/metaurl",
    "github.com/dpb587/metalink/file/url",
    "github.com/dpb587/metalink/file/url/file",
    "github.com/dpb587/metalink/file/url/ftp",
    "github.com/dpb587/metalink/file/url/http",
    "github.com/dpb587/metalink/file/url/s3",
    "github.com/dpb587/metalink/file/url/urlutil",
    "github.com/dpb587/metalink/repository/filter/and",
    "github.com/dpb587/metalink/repository/filter/fileversion",
    "github.com/dpb587/metalink/repository/sorter",
    "github.com/dpb587/metalink/repository/sorter/fileversion",
    "github.com/dpb587/metalink/repository/source",
    "github.com/dpb587/metalink/repository/source/factory",
    "github.com/dpb587/metalink/repository/source/fs",
    "github.com/dpb587/metalink/repository/source/git",
    "github.com/dpb587/metalink/repository/source/http",
    "github.com/dpb587/metalink/repository/source/s3",
    "github.com/dpb587/metalink/repository/utility",
    "github.com/dpb587/metalink/template",
    "github.com/dpb587/metalink/transfer",
    "github.com/dpb587/metalink/verification",
    "github.com/dpb587/metalink/verification/hash",
    "github.com/onsi/ginkgo",
    "github.com/onsi/gomega",
    "github.com/onsi/gomega/gexec",
    "github.com/pkg/errors",
  ]
  solver-name = "gps-cdcl"
  solver-version = 1
